
Microsoft Visual Studio Solution File, Format Version 12.00
# Visual Studio Version 17
VisualStudioVersion = 17.0.31903.59
MinimumVisualStudioVersion = 10.0.40219.1
Project("{FAE04EC0-301F-11D3-BF4B-00C04F79EFBC}") = "SharedLibrary", "SharedLibrary\SharedLibrary.csproj", "{F99B7886-E604-4C70-A506-E96BD2AF23A8}"
EndProject
Project("{FAE04EC0-301F-11D3-BF4B-00C04F79EFBC}") = "KeyboardDesigner", "KeyboardDesigner\KeyboardDesigner.csproj", "{070D5328-1B96-4969-8E48-B1E6F53E65B6}"
EndProject
Project("{FAE04EC0-301F-11D3-BF4B-00C04F79EFBC}") = "KeyboardRuntime", "KeyboardRuntime\KeyboardRuntime.csproj", "{BA7120A8-2694-4DBF-8D58-7A324F8756F9}"
EndProject
Global
	GlobalSection(SolutionConfigurationPlatforms) = preSolution
		Debug|Any CPU = Debug|Any CPU
		Debug|x64 = Debug|x64
		Debug|x86 = Debug|x86
		Release|Any CPU = Release|Any CPU
		Release|x64 = Release|x64
		Release|x86 = Release|x86
	EndGlobalSection
	GlobalSection(ProjectConfigurationPlatforms) = postSolution
		{F99B7886-E604-4C70-A506-E96BD2AF23A8}.Debug|Any CPU.ActiveCfg = Debug|Any CPU
		{F99B7886-E604-4C70-A506-E96BD2AF23A8}.Debug|Any CPU.Build.0 = Debug|Any CPU
		{F99B7886-E604-4C70-A506-E96BD2AF23A8}.Debug|x64.ActiveCfg = Debug|Any CPU
		{F99B7886-E604-4C70-A506-E96BD2AF23A8}.Debug|x64.Build.0 = Debug|Any CPU
		{F99B7886-E604-4C70-A506-E96BD2AF23A8}.Debug|x86.ActiveCfg = Debug|Any CPU
		{F99B7886-E604-4C70-A506-E96BD2AF23A8}.Debug|x86.Build.0 = Debug|Any CPU
		{F99B7886-E604-4C70-A506-E96BD2AF23A8}.Release|Any CPU.ActiveCfg = Release|Any CPU
		{F99B7886-E604-4C70-A506-E96BD2AF23A8}.Release|Any CPU.Build.0 = Release|Any CPU
		{F99B7886-E604-4C70-A506-E96BD2AF23A8}.Release|x64.ActiveCfg = Release|Any CPU
		{F99B7886-E604-4C70-A506-E96BD2AF23A8}.Release|x64.Build.0 = Release|Any CPU
		{F99B7886-E604-4C70-A506-E96BD2AF23A8}.Release|x86.ActiveCfg = Release|Any CPU
		{F99B7886-E604-4C70-A506-E96BD2AF23A8}.Release|x86.Build.0 = Release|Any CPU
		{070D5328-1B96-4969-8E48-B1E6F53E65B6}.Debug|Any CPU.ActiveCfg = Debug|Any CPU
		{070D5328-1B96-4969-8E48-B1E6F53E65B6}.Debug|Any CPU.Build.0 = Debug|Any CPU
		{070D5328-1B96-4969-8E48-B1E6F53E65B6}.Debug|x64.ActiveCfg = Debug|Any CPU
		{070D5328-1B96-4969-8E48-B1E6F53E65B6}.Debug|x64.Build.0 = Debug|Any CPU
		{070D5328-1B96-4969-8E48-B1E6F53E65B6}.Debug|x86.ActiveCfg = Debug|Any CPU
		{070D5328-1B96-4969-8E48-B1E6F53E65B6}.Debug|x86.Build.0 = Debug|Any CPU
		{070D5328-1B96-4969-8E48-B1E6F53E65B6}.Release|Any CPU.ActiveCfg = Release|Any CPU
		{070D5328-1B96-4969-8E48-B1E6F53E65B6}.Release|Any CPU.Build.0 = Release|Any CPU
		{070D5328-1B96-4969-8E48-B1E6F53E65B6}.Release|x64.ActiveCfg = Release|Any CPU
		{070D5328-1B96-4969-8E48-B1E6F53E65B6}.Release|x64.Build.0 = Release|Any CPU
		{070D5328-1B96-4969-8E48-B1E6F53E65B6}.Release|x86.ActiveCfg = Release|Any CPU
		{070D5328-1B96-4969-8E48-B1E6F53E65B6}.Release|x86.Build.0 = Release|Any CPU
		{BA7120A8-2694-4DBF-8D58-7A324F8756F9}.Debug|Any CPU.ActiveCfg = Debug|Any CPU
		{BA7120A8-2694-4DBF-8D58-7A324F8756F9}.Debug|Any CPU.Build.0 = Debug|Any CPU
		{BA7120A8-2694-4DBF-8D58-7A324F8756F9}.Debug|x64.ActiveCfg = Debug|Any CPU
		{BA7120A8-2694-4DBF-8D58-7A324F8756F9}.Debug|x64.Build.0 = Debug|Any CPU
		{BA7120A8-2694-4DBF-8D58-7A324F8756F9}.Debug|x86.ActiveCfg = Debug|Any CPU
		{BA7120A8-2694-4DBF-8D58-7A324F8756F9}.Debug|x86.Build.0 = Debug|Any CPU
		{BA7120A8-2694-4DBF-8D58-7A324F8756F9}.Release|Any CPU.ActiveCfg = Release|Any CPU
		{BA7120A8-2694-4DBF-8D58-7A324F8756F9}.Release|Any CPU.Build.0 = Release|Any CPU
		{BA7120A8-2694-4DBF-8D58-7A324F8756F9}.Release|x64.ActiveCfg = Release|Any CPU
		{BA7120A8-2694-4DBF-8D58-7A324F8756F9}.Release|x64.Build.0 = Release|Any CPU
		{BA7120A8-2694-4DBF-8D58-7A324F8756F9}.Release|x86.ActiveCfg = Release|Any CPU
		{BA7120A8-2694-4DBF-8D58-7A324F8756F9}.Release|x86.Build.0 = Release|Any CPU
	EndGlobalSection
	GlobalSection(SolutionProperties) = preSolution
		HideSolutionNode = FALSE
	EndGlobalSection
EndGlobal
